
Microsoft Visual Studio Solution File, Format Version 12.00
# Visual Studio Version 17
VisualStudioVersion = 17.13.35931.197 d17.13
MinimumVisualStudioVersion = 10.0.40219.1
Project("{FAE04EC0-301F-11D3-BF4B-00C04F79EFBC}") = "ConfirmMe", "ConfirmMe\ConfirmMe.csproj", "{277B988E-1024-4DB8-9940-73A5E565D6E8}"
EndProject
Global
	GlobalSection(SolutionConfigurationPlatforms) = preSolution
		Debug|Any CPU = Debug|Any CPU
		Release|Any CPU = Release|Any CPU
	EndGlobalSection
	GlobalSection(ProjectConfigurationPlatforms) = postSolution
		{277B988E-1024-4DB8-9940-73A5E565D6E8}.Debug|Any CPU.ActiveCfg = Debug|Any CPU
		{277B988E-1024-4DB8-9940-73A5E565D6E8}.Debug|Any CPU.Build.0 = Debug|Any CPU
		{277B988E-1024-4DB8-9940-73A5E565D6E8}.Release|Any CPU.ActiveCfg = Release|Any CPU
		{277B988E-1024-4DB8-9940-73A5E565D6E8}.Release|Any CPU.Build.0 = Release|Any CPU
	EndGlobalSection
	GlobalSection(SolutionProperties) = preSolution
		HideSolutionNode = FALSE
	EndGlobalSection
	GlobalSection(ExtensibilityGlobals) = postSolution
		SolutionGuid = {A274443A-2B12-4C09-AA92-367EFD85F57C}
	EndGlobalSection
EndGlobal
